
Microsoft Visual Studio Solution File, Format Version 12.00
# Visual Studio Version 17
VisualStudioVersion = 17.3.32825.248
MinimumVisualStudioVersion = 10.0.40219.1
Project("{8BC9CEB8-8B4A-11D0-8D11-00A0C91BC942}") = "Лаба 7 Структуры", "Лаба 7 Структуры.vcxproj", "{4CAE321C-955D-4D9E-B295-5E79F79EC577}"
EndProject
Global
	GlobalSection(SolutionConfigurationPlatforms) = preSolution
		Debug|x64 = Debug|x64
		Debug|x86 = Debug|x86
		Release|x64 = Release|x64
		Release|x86 = Release|x86
	EndGlobalSection
	GlobalSection(ProjectConfigurationPlatforms) = postSolution
		{4CAE321C-955D-4D9E-B295-5E79F79EC577}.Debug|x64.ActiveCfg = Debug|x64
		{4CAE321C-955D-4D9E-B295-5E79F79EC577}.Debug|x64.Build.0 = Debug|x64
		{4CAE321C-955D-4D9E-B295-5E79F79EC577}.Debug|x86.ActiveCfg = Debug|Win32
		{4CAE321C-955D-4D9E-B295-5E79F79EC577}.Debug|x86.Build.0 = Debug|Win32
		{4CAE321C-955D-4D9E-B295-5E79F79EC577}.Release|x64.ActiveCfg = Release|x64
		{4CAE321C-955D-4D9E-B295-5E79F79EC577}.Release|x64.Build.0 = Release|x64
		{4CAE321C-955D-4D9E-B295-5E79F79EC577}.Release|x86.ActiveCfg = Release|Win32
		{4CAE321C-955D-4D9E-B295-5E79F79EC577}.Release|x86.Build.0 = Release|Win32
	EndGlobalSection
	GlobalSection(SolutionProperties) = preSolution
		HideSolutionNode = FALSE
	EndGlobalSection
	GlobalSection(ExtensibilityGlobals) = postSolution
		SolutionGuid = {5CE28E0C-C028-47E9-84E7-68525B06CE89}
	EndGlobalSection
EndGlobal
